
Microsoft Visual Studio Solution File, Format Version 12.00
# Visual Studio Version 17
VisualStudioVersion = 17.5.002.0
MinimumVisualStudioVersion = 10.0.40219.1
Project("{9A19103F-16F7-4668-BE54-9A1E7A4F7556}") = "MicroApi", "MicroApi\MicroApi.csproj", "{A873C4E8-0E10-433E-850B-0F75623DAD63}"
EndProject
Global
	GlobalSection(SolutionConfigurationPlatforms) = preSolution
		Debug|Any CPU = Debug|Any CPU
		Release|Any CPU = Release|Any CPU
	EndGlobalSection
	GlobalSection(ProjectConfigurationPlatforms) = postSolution
		{A873C4E8-0E10-433E-850B-0F75623DAD63}.Debug|Any CPU.ActiveCfg = Debug|Any CPU
		{A873C4E8-0E10-433E-850B-0F75623DAD63}.Debug|Any CPU.Build.0 = Debug|Any CPU
		{A873C4E8-0E10-433E-850B-0F75623DAD63}.Release|Any CPU.ActiveCfg = Release|Any CPU
		{A873C4E8-0E10-433E-850B-0F75623DAD63}.Release|Any CPU.Build.0 = Release|Any CPU
	EndGlobalSection
	GlobalSection(SolutionProperties) = preSolution
		HideSolutionNode = FALSE
	EndGlobalSection
	GlobalSection(ExtensibilityGlobals) = postSolution
		SolutionGuid = {A6E4E66F-616F-471F-9893-0F6273D188B6}
	EndGlobalSection
EndGlobal
